
Microsoft Visual Studio Solution File, Format Version 12.00
# Visual Studio 14
VisualStudioVersion = 14.0.25123.0
MinimumVisualStudioVersion = 10.0.40219.1
Project("{FAE04EC0-301F-11D3-BF4B-00C04F79EFBC}") = "API", "API\API.csproj", "{6019CD3E-A05A-456E-8308-B241C6E2617B}"
EndProject
Project("{FAE04EC0-301F-11D3-BF4B-00C04F79EFBC}") = "AliExpress", "AliExpress\AliExpress.csproj", "{F9C98E89-77D8-477F-94FD-E30F6E761100}"
EndProject
Project("{FAE04EC0-301F-11D3-BF4B-00C04F79EFBC}") = "Amazon", "Amazon\Amazon.csproj", "{CF613D77-CBA7-4FB8-9C2F-F876C8D793FD}"
EndProject
Global
	GlobalSection(SolutionConfigurationPlatforms) = preSolution
		Debug|Any CPU = Debug|Any CPU
		Release|Any CPU = Release|Any CPU
	EndGlobalSection
	GlobalSection(ProjectConfigurationPlatforms) = postSolution
		{6019CD3E-A05A-456E-8308-B241C6E2617B}.Debug|Any CPU.ActiveCfg = Debug|Any CPU
		{6019CD3E-A05A-456E-8308-B241C6E2617B}.Debug|Any CPU.Build.0 = Debug|Any CPU
		{6019CD3E-A05A-456E-8308-B241C6E2617B}.Release|Any CPU.ActiveCfg = Release|Any CPU
		{6019CD3E-A05A-456E-8308-B241C6E2617B}.Release|Any CPU.Build.0 = Release|Any CPU
		{F9C98E89-77D8-477F-94FD-E30F6E761100}.Debug|Any CPU.ActiveCfg = Debug|Any CPU
		{F9C98E89-77D8-477F-94FD-E30F6E761100}.Debug|Any CPU.Build.0 = Debug|Any CPU
		{F9C98E89-77D8-477F-94FD-E30F6E761100}.Release|Any CPU.ActiveCfg = Release|Any CPU
		{F9C98E89-77D8-477F-94FD-E30F6E761100}.Release|Any CPU.Build.0 = Release|Any CPU
		{CF613D77-CBA7-4FB8-9C2F-F876C8D793FD}.Debug|Any CPU.ActiveCfg = Debug|Any CPU
		{CF613D77-CBA7-4FB8-9C2F-F876C8D793FD}.Debug|Any CPU.Build.0 = Debug|Any CPU
		{CF613D77-CBA7-4FB8-9C2F-F876C8D793FD}.Release|Any CPU.ActiveCfg = Release|Any CPU
		{CF613D77-CBA7-4FB8-9C2F-F876C8D793FD}.Release|Any CPU.Build.0 = Release|Any CPU
	EndGlobalSection
	GlobalSection(SolutionProperties) = preSolution
		HideSolutionNode = FALSE
	EndGlobalSection
EndGlobal
